# THIS IS AN AUTOGENERATED FILE. DO NOT EDIT THIS FILE DIRECTLY.
# yarn lockfile v1


qs@^6.9.4:
  version "6.9.4"
  resolved "https://registry.npm.taobao.org/qs/download/qs-6.9.4.tgz#9090b290d1f91728d3c22e54843ca44aea5ab687"
  integrity sha1-kJCykNH5FyjTwi5UhDykSupatoc=

uuid@^8.0.0:
  version "8.0.0"
  resolved "https://registry.npm.taobao.org/uuid/download/uuid-8.0.0.tgz#bc6ccf91b5ff0ac07bbcdbf1c7c4e150db4dbb6c"
  integrity sha1-vGzPkbX/CsB7vNvxx8ThUNtNu2w=
